
Microsoft Visual Studio Solution File, Format Version 12.00
# Visual Studio 2012
Project("{8BC9CEB8-8B4A-11D0-8D11-00A0C91BC942}") = "TP_01_Eleve", "TP_01_Eleve\TP_01_Eleve.vcxproj", "{C5B8200A-B9FD-4830-B465-A6201EFC58EF}"
EndProject
Global
	GlobalSection(SolutionConfigurationPlatforms) = preSolution
		Debug|Win32 = Debug|Win32
		Release|Win32 = Release|Win32
	EndGlobalSection
	GlobalSection(ProjectConfigurationPlatforms) = postSolution
		{C5B8200A-B9FD-4830-B465-A6201EFC58EF}.Debug|Win32.ActiveCfg = Debug|Win32
		{C5B8200A-B9FD-4830-B465-A6201EFC58EF}.Debug|Win32.Build.0 = Debug|Win32
		{C5B8200A-B9FD-4830-B465-A6201EFC58EF}.Release|Win32.ActiveCfg = Release|Win32
		{C5B8200A-B9FD-4830-B465-A6201EFC58EF}.Release|Win32.Build.0 = Release|Win32
	EndGlobalSection
	GlobalSection(SolutionProperties) = preSolution
		HideSolutionNode = FALSE
	EndGlobalSection
EndGlobal
