
Microsoft Visual Studio Solution File, Format Version 12.00
# Visual Studio 2012
Project("{8BC9CEB8-8B4A-11D0-8D11-00A0C91BC942}") = "TP04_Maillages", "TP04_Maillages\TP04_Maillages.vcxproj", "{F50F1504-2E43-414C-A0AC-C4B6346C81AC}"
EndProject
Global
	GlobalSection(SolutionConfigurationPlatforms) = preSolution
		Debug|Win32 = Debug|Win32
		Release|Win32 = Release|Win32
	EndGlobalSection
	GlobalSection(ProjectConfigurationPlatforms) = postSolution
		{F50F1504-2E43-414C-A0AC-C4B6346C81AC}.Debug|Win32.ActiveCfg = Debug|Win32
		{F50F1504-2E43-414C-A0AC-C4B6346C81AC}.Debug|Win32.Build.0 = Debug|Win32
		{F50F1504-2E43-414C-A0AC-C4B6346C81AC}.Release|Win32.ActiveCfg = Release|Win32
		{F50F1504-2E43-414C-A0AC-C4B6346C81AC}.Release|Win32.Build.0 = Release|Win32
	EndGlobalSection
	GlobalSection(SolutionProperties) = preSolution
		HideSolutionNode = FALSE
	EndGlobalSection
EndGlobal
